// !$*UTF8*$!
{
	archiveVersion = 1;
	classes = {
	};
	objectVersion = 50;
	objects = {

/* Begin PBXBuildFile section */
		635B621020D398A1000C07D8 /* AppDelegate.swift in Sources */ = {isa = PBXBuildFile; fileRef = 635B620F20D398A1000C07D8 /* AppDelegate.swift */; };
		635B621520D398A1000C07D8 /* Main.storyboard in Resources */ = {isa = PBXBuildFile; fileRef = 635B621320D398A1000C07D8 /* Main.storyboard */; };
		635B621720D398A2000C07D8 /* Assets.xcassets in Resources */ = {isa = PBXBuildFile; fileRef = 635B621620D398A2000C07D8 /* Assets.xcassets */; };
		635B621A20D398A2000C07D8 /* LaunchScreen.storyboard in Resources */ = {isa = PBXBuildFile; fileRef = 635B621820D398A2000C07D8 /* LaunchScreen.storyboard */; };
		635B622220D399B8000C07D8 /* UsersTableViewController.swift in Sources */ = {isa = PBXBuildFile; fileRef = 635B622120D399B8000C07D8 /* UsersTableViewController.swift */; };
		635B622420D39A9A000C07D8 /* UserTableViewCell.swift in Sources */ = {isa = PBXBuildFile; fileRef = 635B622320D39A9A000C07D8 /* UserTableViewCell.swift */; };
		635B622620D39AAC000C07D8 /* User.swift in Sources */ = {isa = PBXBuildFile; fileRef = 635B622520D39AAC000C07D8 /* User.swift */; };
		635B623320D3ACBA000C07D8 /* Reusable.swift in Sources */ = {isa = PBXBuildFile; fileRef = 635B623220D3ACBA000C07D8 /* Reusable.swift */; };
		635B623520D3ACC2000C07D8 /* Configurable.swift in Sources */ = {isa = PBXBuildFile; fileRef = 635B623420D3ACC2000C07D8 /* Configurable.swift */; };
		635B623720D3ACEF000C07D8 /* UsersProvider.swift in Sources */ = {isa = PBXBuildFile; fileRef = 635B623620D3ACEF000C07D8 /* UsersProvider.swift */; };
		635B623920D3B4FA000C07D8 /* Users.storyboard in Resources */ = {isa = PBXBuildFile; fileRef = 635B623820D3B4FA000C07D8 /* Users.storyboard */; };
		635B623C20D3C613000C07D8 /* Decoder.swift in Sources */ = {isa = PBXBuildFile; fileRef = 635B623B20D3C613000C07D8 /* Decoder.swift */; };
		635B623E20D3C6F4000C07D8 /* URL.swift in Sources */ = {isa = PBXBuildFile; fileRef = 635B623D20D3C6F4000C07D8 /* URL.swift */; };
/* End PBXBuildFile section */

/* Begin PBXFileReference section */
		635B620C20D398A1000C07D8 /* Users.app */ = {isa = PBXFileReference; explicitFileType = wrapper.application; includeInIndex = 0; path = Users.app; sourceTree = BUILT_PRODUCTS_DIR; };
		635B620F20D398A1000C07D8 /* AppDelegate.swift */ = {isa = PBXFileReference; lastKnownFileType = sourcecode.swift; path = AppDelegate.swift; sourceTree = "<group>"; };
		635B621420D398A1000C07D8 /* Base */ = {isa = PBXFileReference; lastKnownFileType = file.storyboard; name = Base; path = Base.lproj/Main.storyboard; sourceTree = "<group>"; };
		635B621620D398A2000C07D8 /* Assets.xcassets */ = {isa = PBXFileReference; lastKnownFileType = folder.assetcatalog; path = Assets.xcassets; sourceTree = "<group>"; };
		635B621920D398A2000C07D8 /* Base */ = {isa = PBXFileReference; lastKnownFileType = file.storyboard; name = Base; path = Base.lproj/LaunchScreen.storyboard; sourceTree = "<group>"; };
		635B621B20D398A2000C07D8 /* Info.plist */ = {isa = PBXFileReference; lastKnownFileType = text.plist.xml; path = Info.plist; sourceTree = "<group>"; };
		635B622120D399B8000C07D8 /* UsersTableViewController.swift */ = {isa = PBXFileReference; lastKnownFileType = sourcecode.swift; path = UsersTableViewController.swift; sourceTree = "<group>"; };
		635B622320D39A9A000C07D8 /* UserTableViewCell.swift */ = {isa = PBXFileReference; lastKnownFileType = sourcecode.swift; path = UserTableViewCell.swift; sourceTree = "<group>"; };
		635B622520D39AAC000C07D8 /* User.swift */ = {isa = PBXFileReference; lastKnownFileType = sourcecode.swift; path = User.swift; sourceTree = "<group>"; };
		635B623220D3ACBA000C07D8 /* Reusable.swift */ = {isa = PBXFileReference; lastKnownFileType = sourcecode.swift; path = Reusable.swift; sourceTree = "<group>"; };
		635B623420D3ACC2000C07D8 /* Configurable.swift */ = {isa = PBXFileReference; lastKnownFileType = sourcecode.swift; path = Configurable.swift; sourceTree = "<group>"; };
		635B623620D3ACEF000C07D8 /* UsersProvider.swift */ = {isa = PBXFileReference; lastKnownFileType = sourcecode.swift; path = UsersProvider.swift; sourceTree = "<group>"; };
		635B623820D3B4FA000C07D8 /* Users.storyboard */ = {isa = PBXFileReference; lastKnownFileType = file.storyboard; path = Users.storyboard; sourceTree = "<group>"; };
		635B623B20D3C613000C07D8 /* Decoder.swift */ = {isa = PBXFileReference; lastKnownFileType = sourcecode.swift; path = Decoder.swift; sourceTree = "<group>"; };
		635B623D20D3C6F4000C07D8 /* URL.swift */ = {isa = PBXFileReference; lastKnownFileType = sourcecode.swift; path = URL.swift; sourceTree = "<group>"; };
/* End PBXFileReference section */

/* Begin PBXFrameworksBuildPhase section */
		635B620920D398A1000C07D8 /* Frameworks */ = {
			isa = PBXFrameworksBuildPhase;
			buildActionMask = 2147483647;
			files = (
			);
			runOnlyForDeploymentPostprocessing = 0;
		};
/* End PBXFrameworksBuildPhase section */

/* Begin PBXGroup section */
		635B620320D398A1000C07D8 = {
			isa = PBXGroup;
			children = (
				635B620E20D398A1000C07D8 /* Users */,
				635B620D20D398A1000C07D8 /* Products */,
			);
			sourceTree = "<group>";
		};
		635B620D20D398A1000C07D8 /* Products */ = {
			isa = PBXGroup;
			children = (
				635B620C20D398A1000C07D8 /* Users.app */,
			);
			name = Products;
			sourceTree = "<group>";
		};
		635B620E20D398A1000C07D8 /* Users */ = {
			isa = PBXGroup;
			children = (
				635B620F20D398A1000C07D8 /* AppDelegate.swift */,
				635B622B20D3AC45000C07D8 /* Models */,
				635B622C20D3AC53000C07D8 /* Views */,
				635B622D20D3AC64000C07D8 /* Controllers */,
				635B623020D3ACA4000C07D8 /* Services */,
				635B623120D3ACAC000C07D8 /* Protocols */,
				635B623A20D3C608000C07D8 /* Extensions */,
				635B622E20D3AC85000C07D8 /* Storyboards */,
				635B622F20D3AC8B000C07D8 /* SupportingFiles */,
			);
			path = Users;
			sourceTree = "<group>";
		};
		635B622B20D3AC45000C07D8 /* Models */ = {
			isa = PBXGroup;
			children = (
				635B622520D39AAC000C07D8 /* User.swift */,
			);
			path = Models;
			sourceTree = "<group>";
		};
		635B622C20D3AC53000C07D8 /* Views */ = {
			isa = PBXGroup;
			children = (
				635B622320D39A9A000C07D8 /* UserTableViewCell.swift */,
			);
			path = Views;
			sourceTree = "<group>";
		};
		635B622D20D3AC64000C07D8 /* Controllers */ = {
			isa = PBXGroup;
			children = (
				635B622120D399B8000C07D8 /* UsersTableViewController.swift */,
			);
			path = Controllers;
			sourceTree = "<group>";
		};
		635B622E20D3AC85000C07D8 /* Storyboards */ = {
			isa = PBXGroup;
			children = (
				635B621320D398A1000C07D8 /* Main.storyboard */,
				635B623820D3B4FA000C07D8 /* Users.storyboard */,
				635B621820D398A2000C07D8 /* LaunchScreen.storyboard */,
			);
			path = Storyboards;
			sourceTree = "<group>";
		};
		635B622F20D3AC8B000C07D8 /* SupportingFiles */ = {
			isa = PBXGroup;
			children = (
				635B621620D398A2000C07D8 /* Assets.xcassets */,
				635B621B20D398A2000C07D8 /* Info.plist */,
			);
			path = SupportingFiles;
			sourceTree = "<group>";
		};
		635B623020D3ACA4000C07D8 /* Services */ = {
			isa = PBXGroup;
			children = (
				635B623620D3ACEF000C07D8 /* UsersProvider.swift */,
			);
			path = Services;
			sourceTree = "<group>";
		};
		635B623120D3ACAC000C07D8 /* Protocols */ = {
			isa = PBXGroup;
			children = (
				635B623220D3ACBA000C07D8 /* Reusable.swift */,
				635B623420D3ACC2000C07D8 /* Configurable.swift */,
			);
			path = Protocols;
			sourceTree = "<group>";
		};
		635B623A20D3C608000C07D8 /* Extensions */ = {
			isa = PBXGroup;
			children = (
				635B623B20D3C613000C07D8 /* Decoder.swift */,
				635B623D20D3C6F4000C07D8 /* URL.swift */,
			);
			path = Extensions;
			sourceTree = "<group>";
		};
/* End PBXGroup section */

/* Begin PBXNativeTarget section */
		635B620B20D398A1000C07D8 /* Users */ = {
			isa = PBXNativeTarget;
			buildConfigurationList = 635B621E20D398A2000C07D8 /* Build configuration list for PBXNativeTarget "Users" */;
			buildPhases = (
				635B620820D398A1000C07D8 /* Sources */,
				635B620920D398A1000C07D8 /* Frameworks */,
				635B620A20D398A1000C07D8 /* Resources */,
			);
			buildRules = (
			);
			dependencies = (
			);
			name = Users;
			productName = Users;
			productReference = 635B620C20D398A1000C07D8 /* Users.app */;
			productType = "com.apple.product-type.application";
		};
/* End PBXNativeTarget section */

/* Begin PBXProject section */
		635B620420D398A1000C07D8 /* Project object */ = {
			isa = PBXProject;
			attributes = {
				LastSwiftUpdateCheck = 0940;
				LastUpgradeCheck = 0940;
				ORGANIZATIONNAME = cellforrow;
				TargetAttributes = {
					635B620B20D398A1000C07D8 = {
						CreatedOnToolsVersion = 9.4;
					};
				};
			};
			buildConfigurationList = 635B620720D398A1000C07D8 /* Build configuration list for PBXProject "Users" */;
			compatibilityVersion = "Xcode 9.3";
			developmentRegion = en;
			hasScannedForEncodings = 0;
			knownRegions = (
				en,
				Base,
			);
			mainGroup = 635B620320D398A1000C07D8;
			productRefGroup = 635B620D20D398A1000C07D8 /* Products */;
			projectDirPath = "";
			projectRoot = "";
			targets = (
				635B620B20D398A1000C07D8 /* Users */,
			);
		};
/* End PBXProject section */

/* Begin PBXResourcesBuildPhase section */
		635B620A20D398A1000C07D8 /* Resources */ = {
			isa = PBXResourcesBuildPhase;
			buildActionMask = 2147483647;
			files = (
				635B621A20D398A2000C07D8 /* LaunchScreen.storyboard in Resources */,
				635B623920D3B4FA000C07D8 /* Users.storyboard in Resources */,
				635B621720D398A2000C07D8 /* Assets.xcassets in Resources */,
				635B621520D398A1000C07D8 /* Main.storyboard in Resources */,
			);
			runOnlyForDeploymentPostprocessing = 0;
		};
/* End PBXResourcesBuildPhase section */

/* Begin PBXSourcesBuildPhase section */
		635B620820D398A1000C07D8 /* Sources */ = {
			isa = PBXSourcesBuildPhase;
			buildActionMask = 2147483647;
			files = (
				635B623320D3ACBA000C07D8 /* Reusable.swift in Sources */,
				635B622420D39A9A000C07D8 /* UserTableViewCell.swift in Sources */,
				635B623E20D3C6F4000C07D8 /* URL.swift in Sources */,
				635B623720D3ACEF000C07D8 /* UsersProvider.swift in Sources */,
				635B623520D3ACC2000C07D8 /* Configurable.swift in Sources */,
				635B621020D398A1000C07D8 /* AppDelegate.swift in Sources */,
				635B622620D39AAC000C07D8 /* User.swift in Sources */,
				635B623C20D3C613000C07D8 /* Decoder.swift in Sources */,
				635B622220D399B8000C07D8 /* UsersTableViewController.swift in Sources */,
			);
			runOnlyForDeploymentPostprocessing = 0;
		};
/* End PBXSourcesBuildPhase section */

/* Begin PBXVariantGroup section */
		635B621320D398A1000C07D8 /* Main.storyboard */ = {
			isa = PBXVariantGroup;
			children = (
				635B621420D398A1000C07D8 /* Base */,
			);
			name = Main.storyboard;
			sourceTree = "<group>";
		};
		635B621820D398A2000C07D8 /* LaunchScreen.storyboard */ = {
			isa = PBXVariantGroup;
			children = (
				635B621920D398A2000C07D8 /* Base */,
			);
			name = LaunchScreen.storyboard;
			sourceTree = "<group>";
		};
/* End PBXVariantGroup section */

/* Begin XCBuildConfiguration section */
		635B621C20D398A2000C07D8 /* Debug */ = {
			isa = XCBuildConfiguration;
			buildSettings = {
				ALWAYS_SEARCH_USER_PATHS = NO;
				CLANG_ANALYZER_NONNULL = YES;
				CLANG_ANALYZER_NUMBER_OBJECT_CONVERSION = YES_AGGRESSIVE;
				CLANG_CXX_LANGUAGE_STANDARD = "gnu++14";
				CLANG_CXX_LIBRARY = "libc++";
				CLANG_ENABLE_MODULES = YES;
				CLANG_ENABLE_OBJC_ARC = YES;
				CLANG_ENABLE_OBJC_WEAK = YES;
				CLANG_WARN_BLOCK_CAPTURE_AUTORELEASING = YES;
				CLANG_WARN_BOOL_CONVERSION = YES;
				CLANG_WARN_COMMA = YES;
				CLANG_WARN_CONSTANT_CONVERSION = YES;
				CLANG_WARN_DEPRECATED_OBJC_IMPLEMENTATIONS = YES;
				CLANG_WARN_DIRECT_OBJC_ISA_USAGE = YES_ERROR;
				CLANG_WARN_DOCUMENTATION_COMMENTS = YES;
				CLANG_WARN_EMPTY_BODY = YES;
				CLANG_WARN_ENUM_CONVERSION = YES;
				CLANG_WARN_INFINITE_RECURSION = YES;
				CLANG_WARN_INT_CONVERSION = YES;
				CLANG_WARN_NON_LITERAL_NULL_CONVERSION = YES;
				CLANG_WARN_OBJC_IMPLICIT_RETAIN_SELF = YES;
				CLANG_WARN_OBJC_LITERAL_CONVERSION = YES;
				CLANG_WARN_OBJC_ROOT_CLASS = YES_ERROR;
				CLANG_WARN_RANGE_LOOP_ANALYSIS = YES;
				CLANG_WARN_STRICT_PROTOTYPES = YES;
				CLANG_WARN_SUSPICIOUS_MOVE = YES;
				CLANG_WARN_UNGUARDED_AVAILABILITY = YES_AGGRESSIVE;
				CLANG_WARN_UNREACHABLE_CODE = YES;
				CLANG_WARN__DUPLICATE_METHOD_MATCH = YES;
				CODE_SIGN_IDENTITY = "iPhone Developer";
				COPY_PHASE_STRIP = NO;
				DEBUG_INFORMATION_FORMAT = dwarf;
				ENABLE_STRICT_OBJC_MSGSEND = YES;
				ENABLE_TESTABILITY = YES;
				GCC_C_LANGUAGE_STANDARD = gnu11;
				GCC_DYNAMIC_NO_PIC = NO;
				GCC_NO_COMMON_BLOCKS = YES;
				GCC_OPTIMIZATION_LEVEL = 0;
				GCC_PREPROCESSOR_DEFINITIONS = (
					"DEBUG=1",
					"$(inherited)",
				);
				GCC_WARN_64_TO_32_BIT_CONVERSION = YES;
				GCC_WARN_ABOUT_RETURN_TYPE = YES_ERROR;
				GCC_WARN_UNDECLARED_SELECTOR = YES;
				GCC_WARN_UNINITIALIZED_AUTOS = YES_AGGRESSIVE;
				GCC_WARN_UNUSED_FUNCTION = YES;
				GCC_WARN_UNUSED_VARIABLE = YES;
				IPHONEOS_DEPLOYMENT_TARGET = 11.4;
				MTL_ENABLE_DEBUG_INFO = YES;
				ONLY_ACTIVE_ARCH = YES;
				SDKROOT = iphoneos;
				SWIFT_ACTIVE_COMPILATION_CONDITIONS = DEBUG;
				SWIFT_OPTIMIZATION_LEVEL = "-Onone";
			};
			name = Debug;
		};
		635B621D20D398A2000C07D8 /* Release */ = {
			isa = XCBuildConfiguration;
			buildSettings = {
				ALWAYS_SEARCH_USER_PATHS = NO;
				CLANG_ANALYZER_NONNULL = YES;
				CLANG_ANALYZER_NUMBER_OBJECT_CONVERSION = YES_AGGRESSIVE;
				CLANG_CXX_LANGUAGE_STANDARD = "gnu++14";
				CLANG_CXX_LIBRARY = "libc++";
				CLANG_ENABLE_MODULES = YES;
				CLANG_ENABLE_OBJC_ARC = YES;
				CLANG_ENABLE_OBJC_WEAK = YES;
				CLANG_WARN_BLOCK_CAPTURE_AUTORELEASING = YES;
				CLANG_WARN_BOOL_CONVERSION = YES;
				CLANG_WARN_COMMA = YES;
				CLANG_WARN_CONSTANT_CONVERSION = YES;
				CLANG_WARN_DEPRECATED_OBJC_IMPLEMENTATIONS = YES;
				CLANG_WARN_DIRECT_OBJC_ISA_USAGE = YES_ERROR;
				CLANG_WARN_DOCUMENTATION_COMMENTS = YES;
				CLANG_WARN_EMPTY_BODY = YES;
				CLANG_WARN_ENUM_CONVERSION = YES;
				CLANG_WARN_INFINITE_RECURSION = YES;
				CLANG_WARN_INT_CONVERSION = YES;
				CLANG_WARN_NON_LITERAL_NULL_CONVERSION = YES;
				CLANG_WARN_OBJC_IMPLICIT_RETAIN_SELF = YES;
				CLANG_WARN_OBJC_LITERAL_CONVERSION = YES;
				CLANG_WARN_OBJC_ROOT_CLASS = YES_ERROR;
				CLANG_WARN_RANGE_LOOP_ANALYSIS = YES;
				CLANG_WARN_STRICT_PROTOTYPES = YES;
				CLANG_WARN_SUSPICIOUS_MOVE = YES;
				CLANG_WARN_UNGUARDED_AVAILABILITY = YES_AGGRESSIVE;
				CLANG_WARN_UNREACHABLE_CODE = YES;
				CLANG_WARN__DUPLICATE_METHOD_MATCH = YES;
				CODE_SIGN_IDENTITY = "iPhone Developer";
				COPY_PHASE_STRIP = NO;
				DEBUG_INFORMATION_FORMAT = "dwarf-with-dsym";
				ENABLE_NS_ASSERTIONS = NO;
				ENABLE_STRICT_OBJC_MSGSEND = YES;
				GCC_C_LANGUAGE_STANDARD = gnu11;
				GCC_NO_COMMON_BLOCKS = YES;
				GCC_WARN_64_TO_32_BIT_CONVERSION = YES;
				GCC_WARN_ABOUT_RETURN_TYPE = YES_ERROR;
				GCC_WARN_UNDECLARED_SELECTOR = YES;
				GCC_WARN_UNINITIALIZED_AUTOS = YES_AGGRESSIVE;
				GCC_WARN_UNUSED_FUNCTION = YES;
				GCC_WARN_UNUSED_VARIABLE = YES;
				IPHONEOS_DEPLOYMENT_TARGET = 11.4;
				MTL_ENABLE_DEBUG_INFO = NO;
				SDKROOT = iphoneos;
				SWIFT_COMPILATION_MODE = wholemodule;
				SWIFT_OPTIMIZATION_LEVEL = "-O";
				VALIDATE_PRODUCT = YES;
			};
			name = Release;
		};
		635B621F20D398A2000C07D8 /* Debug */ = {
			isa = XCBuildConfiguration;
			buildSettings = {
				ASSETCATALOG_COMPILER_APPICON_NAME = AppIcon;
				CODE_SIGN_STYLE = Automatic;
				DEVELOPMENT_TEAM = DLM52D56AC;
				INFOPLIST_FILE = "$(SRCROOT)/Users/SupportingFiles/Info.plist";
				LD_RUNPATH_SEARCH_PATHS = (
					"$(inherited)",
					"@executable_path/Frameworks",
				);
				PRODUCT_BUNDLE_IDENTIFIER = com.cellforrow.Users;
				PRODUCT_NAME = "$(TARGET_NAME)";
				SWIFT_VERSION = 4.0;
				TARGETED_DEVICE_FAMILY = "1,2";
			};
			name = Debug;
		};
		635B622020D398A2000C07D8 /* Release */ = {
			isa = XCBuildConfiguration;
			buildSettings = {
				ASSETCATALOG_COMPILER_APPICON_NAME = AppIcon;
				CODE_SIGN_STYLE = Automatic;
				DEVELOPMENT_TEAM = DLM52D56AC;
				INFOPLIST_FILE = "$(SRCROOT)/Users/SupportingFiles/Info.plist";
				LD_RUNPATH_SEARCH_PATHS = (
					"$(inherited)",
					"@executable_path/Frameworks",
				);
				PRODUCT_BUNDLE_IDENTIFIER = com.cellforrow.Users;
				PRODUCT_NAME = "$(TARGET_NAME)";
				SWIFT_VERSION = 4.0;
				TARGETED_DEVICE_FAMILY = "1,2";
			};
			name = Release;
		};
/* End XCBuildConfiguration section */

/* Begin XCConfigurationList section */
		635B620720D398A1000C07D8 /* Build configuration list for PBXProject "Users" */ = {
			isa = XCConfigurationList;
			buildConfigurations = (
				635B621C20D398A2000C07D8 /* Debug */,
				635B621D20D398A2000C07D8 /* Release */,
			);
			defaultConfigurationIsVisible = 0;
			defaultConfigurationName = Release;
		};
		635B621E20D398A2000C07D8 /* Build configuration list for PBXNativeTarget "Users" */ = {
			isa = XCConfigurationList;
			buildConfigurations = (
				635B621F20D398A2000C07D8 /* Debug */,
				635B622020D398A2000C07D8 /* Release */,
			);
			defaultConfigurationIsVisible = 0;
			defaultConfigurationName = Release;
		};
/* End XCConfigurationList section */
	};
	rootObject = 635B620420D398A1000C07D8 /* Project object */;
}
